
Microsoft Visual Studio Solution File, Format Version 12.00
# Visual Studio 15
VisualStudioVersion = 15.0.26403.7
MinimumVisualStudioVersion = 10.0.40219.1
Project("{FAE04EC0-301F-11D3-BF4B-00C04F79EFBC}") = "App3.Android", "App3\App3.Android\App3.Android.csproj", "{1417DBEB-087E-4231-AC4B-A1E423FC7979}"
EndProject
Project("{FAE04EC0-301F-11D3-BF4B-00C04F79EFBC}") = "App3", "App3\App3\App3.csproj", "{1B43761A-0C56-441B-B7B1-E24432231CCD}"
EndProject
Project("{FAE04EC0-301F-11D3-BF4B-00C04F79EFBC}") = "App3.UWP", "App3\App3.UWP\App3.UWP.csproj", "{A4567A0A-52D6-46CA-A5CF-184EB7C29DF9}"
EndProject
Project("{FAE04EC0-301F-11D3-BF4B-00C04F79EFBC}") = "App3.iOS", "App3\App3.iOS\App3.iOS.csproj", "{0691F0CE-C6A3-47AF-A3D4-ACE655880957}"
EndProject
Global
	GlobalSection(SolutionConfigurationPlatforms) = preSolution
		Ad-Hoc|Any CPU = Ad-Hoc|Any CPU
		Ad-Hoc|ARM = Ad-Hoc|ARM
		Ad-Hoc|iPhone = Ad-Hoc|iPhone
		Ad-Hoc|iPhoneSimulator = Ad-Hoc|iPhoneSimulator
		Ad-Hoc|x64 = Ad-Hoc|x64
		Ad-Hoc|x86 = Ad-Hoc|x86
		AppStore|Any CPU = AppStore|Any CPU
		AppStore|ARM = AppStore|ARM
		AppStore|iPhone = AppStore|iPhone
		AppStore|iPhoneSimulator = AppStore|iPhoneSimulator
		AppStore|x64 = AppStore|x64
		AppStore|x86 = AppStore|x86
		Debug|Any CPU = Debug|Any CPU
		Debug|ARM = Debug|ARM
		Debug|iPhone = Debug|iPhone
		Debug|iPhoneSimulator = Debug|iPhoneSimulator
		Debug|x64 = Debug|x64
		Debug|x86 = Debug|x86
		Release|Any CPU = Release|Any CPU
		Release|ARM = Release|ARM
		Release|iPhone = Release|iPhone
		Release|iPhoneSimulator = Release|iPhoneSimulator
		Release|x64 = Release|x64
		Release|x86 = Release|x86
	EndGlobalSection
	GlobalSection(ProjectConfigurationPlatforms) = postSolution
		{1417DBEB-087E-4231-AC4B-A1E423FC7979}.Ad-Hoc|Any CPU.ActiveCfg = Release|Any CPU
		{1417DBEB-087E-4231-AC4B-A1E423FC7979}.Ad-Hoc|Any CPU.Build.0 = Release|Any CPU
		{1417DBEB-087E-4231-AC4B-A1E423FC7979}.Ad-Hoc|Any CPU.Deploy.0 = Release|Any CPU
		{1417DBEB-087E-4231-AC4B-A1E423FC7979}.Ad-Hoc|ARM.ActiveCfg = Release|Any CPU
		{1417DBEB-087E-4231-AC4B-A1E423FC7979}.Ad-Hoc|ARM.Build.0 = Release|Any CPU
		{1417DBEB-087E-4231-AC4B-A1E423FC7979}.Ad-Hoc|ARM.Deploy.0 = Release|Any CPU
		{1417DBEB-087E-4231-AC4B-A1E423FC7979}.Ad-Hoc|iPhone.ActiveCfg = Release|Any CPU
		{1417DBEB-087E-4231-AC4B-A1E423FC7979}.Ad-Hoc|iPhone.Build.0 = Release|Any CPU
		{1417DBEB-087E-4231-AC4B-A1E423FC7979}.Ad-Hoc|iPhone.Deploy.0 = Release|Any CPU
		{1417DBEB-087E-4231-AC4B-A1E423FC7979}.Ad-Hoc|iPhoneSimulator.ActiveCfg = Release|Any CPU
		{1417DBEB-087E-4231-AC4B-A1E423FC7979}.Ad-Hoc|iPhoneSimulator.Build.0 = Release|Any CPU
		{1417DBEB-087E-4231-AC4B-A1E423FC7979}.Ad-Hoc|iPhoneSimulator.Deploy.0 = Release|Any CPU
		{1417DBEB-087E-4231-AC4B-A1E423FC7979}.Ad-Hoc|x64.ActiveCfg = Release|Any CPU
		{1417DBEB-087E-4231-AC4B-A1E423FC7979}.Ad-Hoc|x64.Build.0 = Release|Any CPU
		{1417DBEB-087E-4231-AC4B-A1E423FC7979}.Ad-Hoc|x64.Deploy.0 = Release|Any CPU
		{1417DBEB-087E-4231-AC4B-A1E423FC7979}.Ad-Hoc|x86.ActiveCfg = Release|Any CPU
		{1417DBEB-087E-4231-AC4B-A1E423FC7979}.Ad-Hoc|x86.Build.0 = Release|Any CPU
		{1417DBEB-087E-4231-AC4B-A1E423FC7979}.Ad-Hoc|x86.Deploy.0 = Release|Any CPU
		{1417DBEB-087E-4231-AC4B-A1E423FC7979}.AppStore|Any CPU.ActiveCfg = Release|Any CPU
		{1417DBEB-087E-4231-AC4B-A1E423FC7979}.AppStore|Any CPU.Build.0 = Release|Any CPU
		{1417DBEB-087E-4231-AC4B-A1E423FC7979}.AppStore|Any CPU.Deploy.0 = Release|Any CPU
		{1417DBEB-087E-4231-AC4B-A1E423FC7979}.AppStore|ARM.ActiveCfg = Release|Any CPU
		{1417DBEB-087E-4231-AC4B-A1E423FC7979}.AppStore|ARM.Build.0 = Release|Any CPU
		{1417DBEB-087E-4231-AC4B-A1E423FC7979}.AppStore|ARM.Deploy.0 = Release|Any CPU
		{1417DBEB-087E-4231-AC4B-A1E423FC7979}.AppStore|iPhone.ActiveCfg = Release|Any CPU
		{1417DBEB-087E-4231-AC4B-A1E423FC7979}.AppStore|iPhone.Build.0 = Release|Any CPU
		{1417DBEB-087E-4231-AC4B-A1E423FC7979}.AppStore|iPhone.Deploy.0 = Release|Any CPU
		{1417DBEB-087E-4231-AC4B-A1E423FC7979}.AppStore|iPhoneSimulator.ActiveCfg = Release|Any CPU
		{1417DBEB-087E-4231-AC4B-A1E423FC7979}.AppStore|iPhoneSimulator.Build.0 = Release|Any CPU
		{1417DBEB-087E-4231-AC4B-A1E423FC7979}.AppStore|iPhoneSimulator.Deploy.0 = Release|Any CPU
		{1417DBEB-087E-4231-AC4B-A1E423FC7979}.AppStore|x64.ActiveCfg = Release|Any CPU
		{1417DBEB-087E-4231-AC4B-A1E423FC7979}.AppStore|x64.Build.0 = Release|Any CPU
		{1417DBEB-087E-4231-AC4B-A1E423FC7979}.AppStore|x64.Deploy.0 = Release|Any CPU
		{1417DBEB-087E-4231-AC4B-A1E423FC7979}.AppStore|x86.ActiveCfg = Release|Any CPU
		{1417DBEB-087E-4231-AC4B-A1E423FC7979}.AppStore|x86.Build.0 = Release|Any CPU
		{1417DBEB-087E-4231-AC4B-A1E423FC7979}.AppStore|x86.Deploy.0 = Release|Any CPU
		{1417DBEB-087E-4231-AC4B-A1E423FC7979}.Debug|Any CPU.ActiveCfg = Debug|Any CPU
		{1417DBEB-087E-4231-AC4B-A1E423FC7979}.Debug|Any CPU.Build.0 = Debug|Any CPU
		{1417DBEB-087E-4231-AC4B-A1E423FC7979}.Debug|Any CPU.Deploy.0 = Debug|Any CPU
		{1417DBEB-087E-4231-AC4B-A1E423FC7979}.Debug|ARM.ActiveCfg = Debug|Any CPU
		{1417DBEB-087E-4231-AC4B-A1E423FC7979}.Debug|ARM.Build.0 = Debug|Any CPU
		{1417DBEB-087E-4231-AC4B-A1E423FC7979}.Debug|ARM.Deploy.0 = Debug|Any CPU
		{1417DBEB-087E-4231-AC4B-A1E423FC7979}.Debug|iPhone.ActiveCfg = Debug|Any CPU
		{1417DBEB-087E-4231-AC4B-A1E423FC7979}.Debug|iPhone.Build.0 = Debug|Any CPU
		{1417DBEB-087E-4231-AC4B-A1E423FC7979}.Debug|iPhone.Deploy.0 = Debug|Any CPU
		{1417DBEB-087E-4231-AC4B-A1E423FC7979}.Debug|iPhoneSimulator.ActiveCfg = Debug|Any CPU
		{1417DBEB-087E-4231-AC4B-A1E423FC7979}.Debug|iPhoneSimulator.Build.0 = Debug|Any CPU
		{1417DBEB-087E-4231-AC4B-A1E423FC7979}.Debug|iPhoneSimulator.Deploy.0 = Debug|Any CPU
		{1417DBEB-087E-4231-AC4B-A1E423FC7979}.Debug|x64.ActiveCfg = Debug|Any CPU
		{1417DBEB-087E-4231-AC4B-A1E423FC7979}.Debug|x64.Build.0 = Debug|Any CPU
		{1417DBEB-087E-4231-AC4B-A1E423FC7979}.Debug|x64.Deploy.0 = Debug|Any CPU
		{1417DBEB-087E-4231-AC4B-A1E423FC7979}.Debug|x86.ActiveCfg = Debug|Any CPU
		{1417DBEB-087E-4231-AC4B-A1E423FC7979}.Debug|x86.Build.0 = Debug|Any CPU
		{1417DBEB-087E-4231-AC4B-A1E423FC7979}.Debug|x86.Deploy.0 = Debug|Any CPU
		{1417DBEB-087E-4231-AC4B-A1E423FC7979}.Release|Any CPU.ActiveCfg = Release|Any CPU
		{1417DBEB-087E-4231-AC4B-A1E423FC7979}.Release|Any CPU.Build.0 = Release|Any CPU
		{1417DBEB-087E-4231-AC4B-A1E423FC7979}.Release|Any CPU.Deploy.0 = Release|Any CPU
		{1417DBEB-087E-4231-AC4B-A1E423FC7979}.Release|ARM.ActiveCfg = Release|Any CPU
		{1417DBEB-087E-4231-AC4B-A1E423FC7979}.Release|ARM.Build.0 = Release|Any CPU
		{1417DBEB-087E-4231-AC4B-A1E423FC7979}.Release|ARM.Deploy.0 = Release|Any CPU
		{1417DBEB-087E-4231-AC4B-A1E423FC7979}.Release|iPhone.ActiveCfg = Release|Any CPU
		{1417DBEB-087E-4231-AC4B-A1E423FC7979}.Release|iPhone.Build.0 = Release|Any CPU
		{1417DBEB-087E-4231-AC4B-A1E423FC7979}.Release|iPhone.Deploy.0 = Release|Any CPU
		{1417DBEB-087E-4231-AC4B-A1E423FC7979}.Release|iPhoneSimulator.ActiveCfg = Release|Any CPU
		{1417DBEB-087E-4231-AC4B-A1E423FC7979}.Release|iPhoneSimulator.Build.0 = Release|Any CPU
		{1417DBEB-087E-4231-AC4B-A1E423FC7979}.Release|iPhoneSimulator.Deploy.0 = Release|Any CPU
		{1417DBEB-087E-4231-AC4B-A1E423FC7979}.Release|x64.ActiveCfg = Release|Any CPU
		{1417DBEB-087E-4231-AC4B-A1E423FC7979}.Release|x64.Build.0 = Release|Any CPU
		{1417DBEB-087E-4231-AC4B-A1E423FC7979}.Release|x64.Deploy.0 = Release|Any CPU
		{1417DBEB-087E-4231-AC4B-A1E423FC7979}.Release|x86.ActiveCfg = Release|Any CPU
		{1417DBEB-087E-4231-AC4B-A1E423FC7979}.Release|x86.Build.0 = Release|Any CPU
		{1417DBEB-087E-4231-AC4B-A1E423FC7979}.Release|x86.Deploy.0 = Release|Any CPU
		{1B43761A-0C56-441B-B7B1-E24432231CCD}.Ad-Hoc|Any CPU.ActiveCfg = Release|Any CPU
		{1B43761A-0C56-441B-B7B1-E24432231CCD}.Ad-Hoc|Any CPU.Build.0 = Release|Any CPU
		{1B43761A-0C56-441B-B7B1-E24432231CCD}.Ad-Hoc|ARM.ActiveCfg = Release|Any CPU
		{1B43761A-0C56-441B-B7B1-E24432231CCD}.Ad-Hoc|ARM.Build.0 = Release|Any CPU
		{1B43761A-0C56-441B-B7B1-E24432231CCD}.Ad-Hoc|iPhone.ActiveCfg = Release|Any CPU
		{1B43761A-0C56-441B-B7B1-E24432231CCD}.Ad-Hoc|iPhone.Build.0 = Release|Any CPU
		{1B43761A-0C56-441B-B7B1-E24432231CCD}.Ad-Hoc|iPhoneSimulator.ActiveCfg = Release|Any CPU
		{1B43761A-0C56-441B-B7B1-E24432231CCD}.Ad-Hoc|iPhoneSimulator.Build.0 = Release|Any CPU
		{1B43761A-0C56-441B-B7B1-E24432231CCD}.Ad-Hoc|x64.ActiveCfg = Release|Any CPU
		{1B43761A-0C56-441B-B7B1-E24432231CCD}.Ad-Hoc|x64.Build.0 = Release|Any CPU
		{1B43761A-0C56-441B-B7B1-E24432231CCD}.Ad-Hoc|x86.ActiveCfg = Release|Any CPU
		{1B43761A-0C56-441B-B7B1-E24432231CCD}.Ad-Hoc|x86.Build.0 = Release|Any CPU
		{1B43761A-0C56-441B-B7B1-E24432231CCD}.AppStore|Any CPU.ActiveCfg = Release|Any CPU
		{1B43761A-0C56-441B-B7B1-E24432231CCD}.AppStore|Any CPU.Build.0 = Release|Any CPU
		{1B43761A-0C56-441B-B7B1-E24432231CCD}.AppStore|ARM.ActiveCfg = Release|Any CPU
		{1B43761A-0C56-441B-B7B1-E24432231CCD}.AppStore|ARM.Build.0 = Release|Any CPU
		{1B43761A-0C56-441B-B7B1-E24432231CCD}.AppStore|iPhone.ActiveCfg = Release|Any CPU
		{1B43761A-0C56-441B-B7B1-E24432231CCD}.AppStore|iPhone.Build.0 = Release|Any CPU
		{1B43761A-0C56-441B-B7B1-E24432231CCD}.AppStore|iPhoneSimulator.ActiveCfg = Release|Any CPU
		{1B43761A-0C56-441B-B7B1-E24432231CCD}.AppStore|iPhoneSimulator.Build.0 = Release|Any CPU
		{1B43761A-0C56-441B-B7B1-E24432231CCD}.AppStore|x64.ActiveCfg = Release|Any CPU
		{1B43761A-0C56-441B-B7B1-E24432231CCD}.AppStore|x64.Build.0 = Release|Any CPU
		{1B43761A-0C56-441B-B7B1-E24432231CCD}.AppStore|x86.ActiveCfg = Release|Any CPU
		{1B43761A-0C56-441B-B7B1-E24432231CCD}.AppStore|x86.Build.0 = Release|Any CPU
		{1B43761A-0C56-441B-B7B1-E24432231CCD}.Debug|Any CPU.ActiveCfg = Debug|Any CPU
		{1B43761A-0C56-441B-B7B1-E24432231CCD}.Debug|Any CPU.Build.0 = Debug|Any CPU
		{1B43761A-0C56-441B-B7B1-E24432231CCD}.Debug|ARM.ActiveCfg = Debug|Any CPU
		{1B43761A-0C56-441B-B7B1-E24432231CCD}.Debug|ARM.Build.0 = Debug|Any CPU
		{1B43761A-0C56-441B-B7B1-E24432231CCD}.Debug|iPhone.ActiveCfg = Debug|Any CPU
		{1B43761A-0C56-441B-B7B1-E24432231CCD}.Debug|iPhone.Build.0 = Debug|Any CPU
		{1B43761A-0C56-441B-B7B1-E24432231CCD}.Debug|iPhoneSimulator.ActiveCfg = Debug|Any CPU
		{1B43761A-0C56-441B-B7B1-E24432231CCD}.Debug|iPhoneSimulator.Build.0 = Debug|Any CPU
		{1B43761A-0C56-441B-B7B1-E24432231CCD}.Debug|x64.ActiveCfg = Debug|Any CPU
		{1B43761A-0C56-441B-B7B1-E24432231CCD}.Debug|x64.Build.0 = Debug|Any CPU
		{1B43761A-0C56-441B-B7B1-E24432231CCD}.Debug|x86.ActiveCfg = Debug|Any CPU
		{1B43761A-0C56-441B-B7B1-E24432231CCD}.Debug|x86.Build.0 = Debug|Any CPU
		{1B43761A-0C56-441B-B7B1-E24432231CCD}.Release|Any CPU.ActiveCfg = Release|Any CPU
		{1B43761A-0C56-441B-B7B1-E24432231CCD}.Release|Any CPU.Build.0 = Release|Any CPU
		{1B43761A-0C56-441B-B7B1-E24432231CCD}.Release|ARM.ActiveCfg = Release|Any CPU
		{1B43761A-0C56-441B-B7B1-E24432231CCD}.Release|ARM.Build.0 = Release|Any CPU
		{1B43761A-0C56-441B-B7B1-E24432231CCD}.Release|iPhone.ActiveCfg = Release|Any CPU
		{1B43761A-0C56-441B-B7B1-E24432231CCD}.Release|iPhone.Build.0 = Release|Any CPU
		{1B43761A-0C56-441B-B7B1-E24432231CCD}.Release|iPhoneSimulator.ActiveCfg = Release|Any CPU
		{1B43761A-0C56-441B-B7B1-E24432231CCD}.Release|iPhoneSimulator.Build.0 = Release|Any CPU
		{1B43761A-0C56-441B-B7B1-E24432231CCD}.Release|x64.ActiveCfg = Release|Any CPU
		{1B43761A-0C56-441B-B7B1-E24432231CCD}.Release|x64.Build.0 = Release|Any CPU
		{1B43761A-0C56-441B-B7B1-E24432231CCD}.Release|x86.ActiveCfg = Release|Any CPU
		{1B43761A-0C56-441B-B7B1-E24432231CCD}.Release|x86.Build.0 = Release|Any CPU
		{A4567A0A-52D6-46CA-A5CF-184EB7C29DF9}.Ad-Hoc|Any CPU.ActiveCfg = Release|x86
		{A4567A0A-52D6-46CA-A5CF-184EB7C29DF9}.Ad-Hoc|Any CPU.Build.0 = Release|x86
		{A4567A0A-52D6-46CA-A5CF-184EB7C29DF9}.Ad-Hoc|Any CPU.Deploy.0 = Release|x86
		{A4567A0A-52D6-46CA-A5CF-184EB7C29DF9}.Ad-Hoc|ARM.ActiveCfg = Release|ARM
		{A4567A0A-52D6-46CA-A5CF-184EB7C29DF9}.Ad-Hoc|ARM.Build.0 = Release|ARM
		{A4567A0A-52D6-46CA-A5CF-184EB7C29DF9}.Ad-Hoc|ARM.Deploy.0 = Release|ARM
		{A4567A0A-52D6-46CA-A5CF-184EB7C29DF9}.Ad-Hoc|iPhone.ActiveCfg = Release|x86
		{A4567A0A-52D6-46CA-A5CF-184EB7C29DF9}.Ad-Hoc|iPhone.Build.0 = Release|x86
		{A4567A0A-52D6-46CA-A5CF-184EB7C29DF9}.Ad-Hoc|iPhone.Deploy.0 = Release|x86
		{A4567A0A-52D6-46CA-A5CF-184EB7C29DF9}.Ad-Hoc|iPhoneSimulator.ActiveCfg = Release|x86
		{A4567A0A-52D6-46CA-A5CF-184EB7C29DF9}.Ad-Hoc|iPhoneSimulator.Build.0 = Release|x86
		{A4567A0A-52D6-46CA-A5CF-184EB7C29DF9}.Ad-Hoc|iPhoneSimulator.Deploy.0 = Release|x86
		{A4567A0A-52D6-46CA-A5CF-184EB7C29DF9}.Ad-Hoc|x64.ActiveCfg = Release|x64
		{A4567A0A-52D6-46CA-A5CF-184EB7C29DF9}.Ad-Hoc|x64.Build.0 = Release|x64
		{A4567A0A-52D6-46CA-A5CF-184EB7C29DF9}.Ad-Hoc|x64.Deploy.0 = Release|x64
		{A4567A0A-52D6-46CA-A5CF-184EB7C29DF9}.Ad-Hoc|x86.ActiveCfg = Release|x86
		{A4567A0A-52D6-46CA-A5CF-184EB7C29DF9}.Ad-Hoc|x86.Build.0 = Release|x86
		{A4567A0A-52D6-46CA-A5CF-184EB7C29DF9}.Ad-Hoc|x86.Deploy.0 = Release|x86
		{A4567A0A-52D6-46CA-A5CF-184EB7C29DF9}.AppStore|Any CPU.ActiveCfg = Release|x86
		{A4567A0A-52D6-46CA-A5CF-184EB7C29DF9}.AppStore|Any CPU.Build.0 = Release|x86
		{A4567A0A-52D6-46CA-A5CF-184EB7C29DF9}.AppStore|Any CPU.Deploy.0 = Release|x86
		{A4567A0A-52D6-46CA-A5CF-184EB7C29DF9}.AppStore|ARM.ActiveCfg = Release|ARM
		{A4567A0A-52D6-46CA-A5CF-184EB7C29DF9}.AppStore|ARM.Build.0 = Release|ARM
		{A4567A0A-52D6-46CA-A5CF-184EB7C29DF9}.AppStore|ARM.Deploy.0 = Release|ARM
		{A4567A0A-52D6-46CA-A5CF-184EB7C29DF9}.AppStore|iPhone.ActiveCfg = Release|x86
		{A4567A0A-52D6-46CA-A5CF-184EB7C29DF9}.AppStore|iPhone.Build.0 = Release|x86
		{A4567A0A-52D6-46CA-A5CF-184EB7C29DF9}.AppStore|iPhone.Deploy.0 = Release|x86
		{A4567A0A-52D6-46CA-A5CF-184EB7C29DF9}.AppStore|iPhoneSimulator.ActiveCfg = Release|x86
		{A4567A0A-52D6-46CA-A5CF-184EB7C29DF9}.AppStore|iPhoneSimulator.Build.0 = Release|x86
		{A4567A0A-52D6-46CA-A5CF-184EB7C29DF9}.AppStore|iPhoneSimulator.Deploy.0 = Release|x86
		{A4567A0A-52D6-46CA-A5CF-184EB7C29DF9}.AppStore|x64.ActiveCfg = Release|x64
		{A4567A0A-52D6-46CA-A5CF-184EB7C29DF9}.AppStore|x64.Build.0 = Release|x64
		{A4567A0A-52D6-46CA-A5CF-184EB7C29DF9}.AppStore|x64.Deploy.0 = Release|x64
		{A4567A0A-52D6-46CA-A5CF-184EB7C29DF9}.AppStore|x86.ActiveCfg = Release|x86
		{A4567A0A-52D6-46CA-A5CF-184EB7C29DF9}.AppStore|x86.Build.0 = Release|x86
		{A4567A0A-52D6-46CA-A5CF-184EB7C29DF9}.AppStore|x86.Deploy.0 = Release|x86
		{A4567A0A-52D6-46CA-A5CF-184EB7C29DF9}.Debug|Any CPU.ActiveCfg = Debug|x86
		{A4567A0A-52D6-46CA-A5CF-184EB7C29DF9}.Debug|ARM.ActiveCfg = Debug|ARM
		{A4567A0A-52D6-46CA-A5CF-184EB7C29DF9}.Debug|ARM.Build.0 = Debug|ARM
		{A4567A0A-52D6-46CA-A5CF-184EB7C29DF9}.Debug|ARM.Deploy.0 = Debug|ARM
		{A4567A0A-52D6-46CA-A5CF-184EB7C29DF9}.Debug|iPhone.ActiveCfg = Debug|x86
		{A4567A0A-52D6-46CA-A5CF-184EB7C29DF9}.Debug|iPhoneSimulator.ActiveCfg = Debug|x86
		{A4567A0A-52D6-46CA-A5CF-184EB7C29DF9}.Debug|x64.ActiveCfg = Debug|x64
		{A4567A0A-52D6-46CA-A5CF-184EB7C29DF9}.Debug|x64.Build.0 = Debug|x64
		{A4567A0A-52D6-46CA-A5CF-184EB7C29DF9}.Debug|x64.Deploy.0 = Debug|x64
		{A4567A0A-52D6-46CA-A5CF-184EB7C29DF9}.Debug|x86.ActiveCfg = Debug|x86
		{A4567A0A-52D6-46CA-A5CF-184EB7C29DF9}.Debug|x86.Build.0 = Debug|x86
		{A4567A0A-52D6-46CA-A5CF-184EB7C29DF9}.Debug|x86.Deploy.0 = Debug|x86
		{A4567A0A-52D6-46CA-A5CF-184EB7C29DF9}.Release|Any CPU.ActiveCfg = Release|x86
		{A4567A0A-52D6-46CA-A5CF-184EB7C29DF9}.Release|ARM.ActiveCfg = Release|ARM
		{A4567A0A-52D6-46CA-A5CF-184EB7C29DF9}.Release|ARM.Build.0 = Release|ARM
		{A4567A0A-52D6-46CA-A5CF-184EB7C29DF9}.Release|ARM.Deploy.0 = Release|ARM
		{A4567A0A-52D6-46CA-A5CF-184EB7C29DF9}.Release|iPhone.ActiveCfg = Release|x86
		{A4567A0A-52D6-46CA-A5CF-184EB7C29DF9}.Release|iPhoneSimulator.ActiveCfg = Release|x86
		{A4567A0A-52D6-46CA-A5CF-184EB7C29DF9}.Release|x64.ActiveCfg = Release|x64
		{A4567A0A-52D6-46CA-A5CF-184EB7C29DF9}.Release|x64.Build.0 = Release|x64
		{A4567A0A-52D6-46CA-A5CF-184EB7C29DF9}.Release|x64.Deploy.0 = Release|x64
		{A4567A0A-52D6-46CA-A5CF-184EB7C29DF9}.Release|x86.ActiveCfg = Release|x86
		{A4567A0A-52D6-46CA-A5CF-184EB7C29DF9}.Release|x86.Build.0 = Release|x86
		{A4567A0A-52D6-46CA-A5CF-184EB7C29DF9}.Release|x86.Deploy.0 = Release|x86
		{0691F0CE-C6A3-47AF-A3D4-ACE655880957}.Ad-Hoc|Any CPU.ActiveCfg = Ad-Hoc|iPhone
		{0691F0CE-C6A3-47AF-A3D4-ACE655880957}.Ad-Hoc|ARM.ActiveCfg = Ad-Hoc|iPhone
		{0691F0CE-C6A3-47AF-A3D4-ACE655880957}.Ad-Hoc|iPhone.ActiveCfg = Ad-Hoc|iPhone
		{0691F0CE-C6A3-47AF-A3D4-ACE655880957}.Ad-Hoc|iPhone.Build.0 = Ad-Hoc|iPhone
		{0691F0CE-C6A3-47AF-A3D4-ACE655880957}.Ad-Hoc|iPhoneSimulator.ActiveCfg = Ad-Hoc|iPhoneSimulator
		{0691F0CE-C6A3-47AF-A3D4-ACE655880957}.Ad-Hoc|iPhoneSimulator.Build.0 = Ad-Hoc|iPhoneSimulator
		{0691F0CE-C6A3-47AF-A3D4-ACE655880957}.Ad-Hoc|x64.ActiveCfg = Ad-Hoc|iPhone
		{0691F0CE-C6A3-47AF-A3D4-ACE655880957}.Ad-Hoc|x86.ActiveCfg = Ad-Hoc|iPhone
		{0691F0CE-C6A3-47AF-A3D4-ACE655880957}.AppStore|Any CPU.ActiveCfg = AppStore|iPhone
		{0691F0CE-C6A3-47AF-A3D4-ACE655880957}.AppStore|ARM.ActiveCfg = AppStore|iPhone
		{0691F0CE-C6A3-47AF-A3D4-ACE655880957}.AppStore|iPhone.ActiveCfg = AppStore|iPhone
		{0691F0CE-C6A3-47AF-A3D4-ACE655880957}.AppStore|iPhone.Build.0 = AppStore|iPhone
		{0691F0CE-C6A3-47AF-A3D4-ACE655880957}.AppStore|iPhoneSimulator.ActiveCfg = AppStore|iPhoneSimulator
		{0691F0CE-C6A3-47AF-A3D4-ACE655880957}.AppStore|iPhoneSimulator.Build.0 = AppStore|iPhoneSimulator
		{0691F0CE-C6A3-47AF-A3D4-ACE655880957}.AppStore|x64.ActiveCfg = AppStore|iPhone
		{0691F0CE-C6A3-47AF-A3D4-ACE655880957}.AppStore|x86.ActiveCfg = AppStore|iPhone
		{0691F0CE-C6A3-47AF-A3D4-ACE655880957}.Debug|Any CPU.ActiveCfg = Debug|iPhone
		{0691F0CE-C6A3-47AF-A3D4-ACE655880957}.Debug|ARM.ActiveCfg = Debug|iPhone
		{0691F0CE-C6A3-47AF-A3D4-ACE655880957}.Debug|iPhone.ActiveCfg = Debug|iPhone
		{0691F0CE-C6A3-47AF-A3D4-ACE655880957}.Debug|iPhone.Build.0 = Debug|iPhone
		{0691F0CE-C6A3-47AF-A3D4-ACE655880957}.Debug|iPhoneSimulator.ActiveCfg = Debug|iPhoneSimulator
		{0691F0CE-C6A3-47AF-A3D4-ACE655880957}.Debug|iPhoneSimulator.Build.0 = Debug|iPhoneSimulator
		{0691F0CE-C6A3-47AF-A3D4-ACE655880957}.Debug|x64.ActiveCfg = Debug|iPhone
		{0691F0CE-C6A3-47AF-A3D4-ACE655880957}.Debug|x86.ActiveCfg = Debug|iPhone
		{0691F0CE-C6A3-47AF-A3D4-ACE655880957}.Release|Any CPU.ActiveCfg = Release|iPhone
		{0691F0CE-C6A3-47AF-A3D4-ACE655880957}.Release|ARM.ActiveCfg = Release|iPhone
		{0691F0CE-C6A3-47AF-A3D4-ACE655880957}.Release|iPhone.ActiveCfg = Release|iPhone
		{0691F0CE-C6A3-47AF-A3D4-ACE655880957}.Release|iPhone.Build.0 = Release|iPhone
		{0691F0CE-C6A3-47AF-A3D4-ACE655880957}.Release|iPhoneSimulator.ActiveCfg = Release|iPhoneSimulator
		{0691F0CE-C6A3-47AF-A3D4-ACE655880957}.Release|iPhoneSimulator.Build.0 = Release|iPhoneSimulator
		{0691F0CE-C6A3-47AF-A3D4-ACE655880957}.Release|x64.ActiveCfg = Release|iPhone
		{0691F0CE-C6A3-47AF-A3D4-ACE655880957}.Release|x86.ActiveCfg = Release|iPhone
	EndGlobalSection
	GlobalSection(SolutionProperties) = preSolution
		HideSolutionNode = FALSE
	EndGlobalSection
EndGlobal
